
Microsoft Visual Studio Solution File, Format Version 12.00
# Visual Studio Version 17
VisualStudioVersion = 17.0.31903.59
MinimumVisualStudioVersion = 10.0.40219.1
Project("{FAE04EC0-301F-11D3-BF4B-00C04F79EFBC}") = "Bosch.PO.Modules", "Bosch.PO.Modules\Bosch.PO.Modules.csproj", "{B2607E66-4FFA-4469-B071-819C316DCCBA}"
EndProject
Project("{FAE04EC0-301F-11D3-BF4B-00C04F79EFBC}") = "Bosch.PO.UI", "Bosch.PO.UI\Bosch.PO.UI.csproj", "{773F6324-E752-40DC-81ED-F3078C6AEEC2}"
EndProject
Global
	GlobalSection(SolutionConfigurationPlatforms) = preSolution
		Debug|Any CPU = Debug|Any CPU
		Release|Any CPU = Release|Any CPU
	EndGlobalSection
	GlobalSection(SolutionProperties) = preSolution
		HideSolutionNode = FALSE
	EndGlobalSection
	GlobalSection(ProjectConfigurationPlatforms) = postSolution
		{B2607E66-4FFA-4469-B071-819C316DCCBA}.Debug|Any CPU.ActiveCfg = Debug|Any CPU
		{B2607E66-4FFA-4469-B071-819C316DCCBA}.Debug|Any CPU.Build.0 = Debug|Any CPU
		{B2607E66-4FFA-4469-B071-819C316DCCBA}.Release|Any CPU.ActiveCfg = Release|Any CPU
		{B2607E66-4FFA-4469-B071-819C316DCCBA}.Release|Any CPU.Build.0 = Release|Any CPU
		{773F6324-E752-40DC-81ED-F3078C6AEEC2}.Debug|Any CPU.ActiveCfg = Debug|Any CPU
		{773F6324-E752-40DC-81ED-F3078C6AEEC2}.Debug|Any CPU.Build.0 = Debug|Any CPU
		{773F6324-E752-40DC-81ED-F3078C6AEEC2}.Release|Any CPU.ActiveCfg = Release|Any CPU
		{773F6324-E752-40DC-81ED-F3078C6AEEC2}.Release|Any CPU.Build.0 = Release|Any CPU
	EndGlobalSection
EndGlobal
