
Microsoft Visual Studio Solution File, Format Version 12.00
# Visual Studio Version 17
VisualStudioVersion = 17.0.31903.59
MinimumVisualStudioVersion = 10.0.40219.1
Project("{FAE04EC0-301F-11D3-BF4B-00C04F79EFBC}") = "Bosch.Calculator", "Bosch.Calculator\Bosch.Calculator.csproj", "{0093594C-AC62-4953-B29A-52AE671906F7}"
EndProject
Project("{FAE04EC0-301F-11D3-BF4B-00C04F79EFBC}") = "Bosch.Calculator.UI", "Bosch.Calculator.UI\Bosch.Calculator.UI.csproj", "{C622324E-1F45-404A-9773-56D4C801EACA}"
EndProject
Global
	GlobalSection(SolutionConfigurationPlatforms) = preSolution
		Debug|Any CPU = Debug|Any CPU
		Release|Any CPU = Release|Any CPU
	EndGlobalSection
	GlobalSection(SolutionProperties) = preSolution
		HideSolutionNode = FALSE
	EndGlobalSection
	GlobalSection(ProjectConfigurationPlatforms) = postSolution
		{0093594C-AC62-4953-B29A-52AE671906F7}.Debug|Any CPU.ActiveCfg = Debug|Any CPU
		{0093594C-AC62-4953-B29A-52AE671906F7}.Debug|Any CPU.Build.0 = Debug|Any CPU
		{0093594C-AC62-4953-B29A-52AE671906F7}.Release|Any CPU.ActiveCfg = Release|Any CPU
		{0093594C-AC62-4953-B29A-52AE671906F7}.Release|Any CPU.Build.0 = Release|Any CPU
		{C622324E-1F45-404A-9773-56D4C801EACA}.Debug|Any CPU.ActiveCfg = Debug|Any CPU
		{C622324E-1F45-404A-9773-56D4C801EACA}.Debug|Any CPU.Build.0 = Debug|Any CPU
		{C622324E-1F45-404A-9773-56D4C801EACA}.Release|Any CPU.ActiveCfg = Release|Any CPU
		{C622324E-1F45-404A-9773-56D4C801EACA}.Release|Any CPU.Build.0 = Release|Any CPU
	EndGlobalSection
EndGlobal
