
Microsoft Visual Studio Solution File, Format Version 12.00
# Visual Studio Version 17
VisualStudioVersion = 17.10.35027.167
MinimumVisualStudioVersion = 10.0.40219.1
Project("{FAE04EC0-301F-11D3-BF4B-00C04F79EFBC}") = "PurchaseOrderSystem.Models", "PurchaseOrderSystem.Models\PurchaseOrderSystem.Models.csproj", "{C1C31FA2-ED8A-421A-BF5D-990D35E933B7}"
EndProject
Project("{FAE04EC0-301F-11D3-BF4B-00C04F79EFBC}") = "PurchaseOrderSystem.Services", "PurchaseOrderSystem.Services\PurchaseOrderSystem.Services.csproj", "{92E31239-B5F7-4ED3-9EB8-FA9AC7B09985}"
EndProject
Project("{FAE04EC0-301F-11D3-BF4B-00C04F79EFBC}") = "PurchaseOrderSystem.ConsoleApp", "PurchaseOrderSystem.ConsoleApp\PurchaseOrderSystem.ConsoleApp.csproj", "{B3FAFCDD-273D-4E35-9F14-75D30E42B326}"
EndProject
Global
	GlobalSection(SolutionConfigurationPlatforms) = preSolution
		Debug|Any CPU = Debug|Any CPU
		Release|Any CPU = Release|Any CPU
	EndGlobalSection
	GlobalSection(ProjectConfigurationPlatforms) = postSolution
		{C1C31FA2-ED8A-421A-BF5D-990D35E933B7}.Debug|Any CPU.ActiveCfg = Debug|Any CPU
		{C1C31FA2-ED8A-421A-BF5D-990D35E933B7}.Debug|Any CPU.Build.0 = Debug|Any CPU
		{C1C31FA2-ED8A-421A-BF5D-990D35E933B7}.Release|Any CPU.ActiveCfg = Release|Any CPU
		{C1C31FA2-ED8A-421A-BF5D-990D35E933B7}.Release|Any CPU.Build.0 = Release|Any CPU
		{92E31239-B5F7-4ED3-9EB8-FA9AC7B09985}.Debug|Any CPU.ActiveCfg = Debug|Any CPU
		{92E31239-B5F7-4ED3-9EB8-FA9AC7B09985}.Debug|Any CPU.Build.0 = Debug|Any CPU
		{92E31239-B5F7-4ED3-9EB8-FA9AC7B09985}.Release|Any CPU.ActiveCfg = Release|Any CPU
		{92E31239-B5F7-4ED3-9EB8-FA9AC7B09985}.Release|Any CPU.Build.0 = Release|Any CPU
		{B3FAFCDD-273D-4E35-9F14-75D30E42B326}.Debug|Any CPU.ActiveCfg = Debug|Any CPU
		{B3FAFCDD-273D-4E35-9F14-75D30E42B326}.Debug|Any CPU.Build.0 = Debug|Any CPU
		{B3FAFCDD-273D-4E35-9F14-75D30E42B326}.Release|Any CPU.ActiveCfg = Release|Any CPU
		{B3FAFCDD-273D-4E35-9F14-75D30E42B326}.Release|Any CPU.Build.0 = Release|Any CPU
	EndGlobalSection
	GlobalSection(SolutionProperties) = preSolution
		HideSolutionNode = FALSE
	EndGlobalSection
	GlobalSection(ExtensibilityGlobals) = postSolution
		SolutionGuid = {0E9E2BDE-F259-45BF-A088-895F977175D9}
	EndGlobalSection
EndGlobal
